{
    "_readme": [
        "This file locks the dependencies of your project to a known state",
        "Read more about it at https://getcomposer.org/doc/01-basic-usage.md#composer-lock-the-lock-file",
        "This file is @generated automatically"
    ],
    "hash": "ac40cf252e6b3a56909dd5e6458dab10",
    "content-hash": "6a90883e260be8e5e4a7a65f98823f81",
    "packages": [
        {
            "name": "roomify/bat",
            "version": "1.1.0",
            "source": {
                "type": "git",
                "url": "https://github.com/Roomify/bat.git",
                "reference": "524356064f54e16e01d4fb2e7573e21d345935f1"
            },
            "dist": {
                "type": "zip",
                "url": "https://api.github.com/repos/Roomify/bat/zipball/524356064f54e16e01d4fb2e7573e21d345935f1",
                "reference": "524356064f54e16e01d4fb2e7573e21d345935f1",
                "shasum": ""
            },
            "require": {
                "php": ">=5.4.0"
            },
            "require-dev": {
                "phpunit/dbunit": ">=1.2",
                "phpunit/phpunit": "4.*",
                "scrutinizer/ocular": "~1.1",
                "squizlabs/php_codesniffer": "~2.3"
            },
            "type": "library",
            "autoload": {
                "psr-4": {
                    "Roomify\\Bat\\": "src"
                }
            },
            "notification-url": "https://packagist.org/downloads/",
            "license": [
                "MIT"
            ],
            "authors": [
                {
                    "name": "Roomify",
                    "email": "hello@roomify.us",
                    "homepage": "https://roomify.us",
                    "role": "Developing Organization"
                }
            ],
            "description": "A booking and availability management library",
            "homepage": "https://github.com/roomify/bat",
            "keywords": [
                "availability management",
                "bat",
                "booking",
                "booking engine",
                "reservations",
                "roomify",
                "sharing economy"
            ],
            "time": "2016-12-18 08:31:11"
        }
    ],
    "packages-dev": [],
    "aliases": [],
    "minimum-stability": "stable",
    "stability-flags": [],
    "prefer-stable": false,
    "prefer-lowest": false,
    "platform": [],
    "platform-dev": []
}
